
Microsoft Visual Studio Solution File, Format Version 12.00
# Visual Studio Version 17
VisualStudioVersion = 17.5.33424.131
MinimumVisualStudioVersion = 10.0.40219.1
Project("{9A19103F-16F7-4668-BE54-9A1E7A4F7556}") = "WebApp", "WebApp\WebApp.csproj", "{3F109DFC-BF61-447C-B453-4C6D7956FFC4}"
EndProject
Project("{9A19103F-16F7-4668-BE54-9A1E7A4F7556}") = "DesktopApp", "DesktopApp\DesktopApp.csproj", "{37FF696D-E629-4212-95D7-BDAD9254C40C}"
EndProject
Project("{9A19103F-16F7-4668-BE54-9A1E7A4F7556}") = "BusinessLogicLayer", "BusinessLogicLayer\BusinessLogicLayer.csproj", "{8841A7C1-0ED0-4F8B-AB6D-EE48C85F211F}"
EndProject
Project("{9A19103F-16F7-4668-BE54-9A1E7A4F7556}") = "DataAccessLayer", "DataAccessLayer\DataAccessLayer.csproj", "{42FBC117-A6E7-4D21-B938-1A78EAA5576C}"
EndProject
Project("{9A19103F-16F7-4668-BE54-9A1E7A4F7556}") = "MyApp.Tests", "MyApp.Tests\MyApp.Tests.csproj", "{157728BC-7E61-4A1E-AB2D-F18A9BE4857E}"
EndProject
Global
	GlobalSection(SolutionConfigurationPlatforms) = preSolution
		Debug|Any CPU = Debug|Any CPU
		Release|Any CPU = Release|Any CPU
	EndGlobalSection
	GlobalSection(ProjectConfigurationPlatforms) = postSolution
		{3F109DFC-BF61-447C-B453-4C6D7956FFC4}.Debug|Any CPU.ActiveCfg = Debug|Any CPU
		{3F109DFC-BF61-447C-B453-4C6D7956FFC4}.Debug|Any CPU.Build.0 = Debug|Any CPU
		{3F109DFC-BF61-447C-B453-4C6D7956FFC4}.Release|Any CPU.ActiveCfg = Release|Any CPU
		{3F109DFC-BF61-447C-B453-4C6D7956FFC4}.Release|Any CPU.Build.0 = Release|Any CPU
		{37FF696D-E629-4212-95D7-BDAD9254C40C}.Debug|Any CPU.ActiveCfg = Debug|Any CPU
		{37FF696D-E629-4212-95D7-BDAD9254C40C}.Debug|Any CPU.Build.0 = Debug|Any CPU
		{37FF696D-E629-4212-95D7-BDAD9254C40C}.Release|Any CPU.ActiveCfg = Release|Any CPU
		{37FF696D-E629-4212-95D7-BDAD9254C40C}.Release|Any CPU.Build.0 = Release|Any CPU
		{8841A7C1-0ED0-4F8B-AB6D-EE48C85F211F}.Debug|Any CPU.ActiveCfg = Debug|Any CPU
		{8841A7C1-0ED0-4F8B-AB6D-EE48C85F211F}.Debug|Any CPU.Build.0 = Debug|Any CPU
		{8841A7C1-0ED0-4F8B-AB6D-EE48C85F211F}.Release|Any CPU.ActiveCfg = Release|Any CPU
		{8841A7C1-0ED0-4F8B-AB6D-EE48C85F211F}.Release|Any CPU.Build.0 = Release|Any CPU
		{42FBC117-A6E7-4D21-B938-1A78EAA5576C}.Debug|Any CPU.ActiveCfg = Debug|Any CPU
		{42FBC117-A6E7-4D21-B938-1A78EAA5576C}.Debug|Any CPU.Build.0 = Debug|Any CPU
		{42FBC117-A6E7-4D21-B938-1A78EAA5576C}.Release|Any CPU.ActiveCfg = Release|Any CPU
		{42FBC117-A6E7-4D21-B938-1A78EAA5576C}.Release|Any CPU.Build.0 = Release|Any CPU
		{157728BC-7E61-4A1E-AB2D-F18A9BE4857E}.Debug|Any CPU.ActiveCfg = Debug|Any CPU
		{157728BC-7E61-4A1E-AB2D-F18A9BE4857E}.Debug|Any CPU.Build.0 = Debug|Any CPU
		{157728BC-7E61-4A1E-AB2D-F18A9BE4857E}.Release|Any CPU.ActiveCfg = Release|Any CPU
		{157728BC-7E61-4A1E-AB2D-F18A9BE4857E}.Release|Any CPU.Build.0 = Release|Any CPU
	EndGlobalSection
	GlobalSection(SolutionProperties) = preSolution
		HideSolutionNode = FALSE
	EndGlobalSection
	GlobalSection(ExtensibilityGlobals) = postSolution
		SolutionGuid = {B2652BD7-26DC-4EDD-9B84-64B4939BC454}
	EndGlobalSection
EndGlobal
